
Microsoft Visual Studio Solution File, Format Version 12.00
# Visual Studio Version 17
VisualStudioVersion = 17.0.32112.339
MinimumVisualStudioVersion = 10.0.40219.1
Project("{2150E333-8FDC-42A3-9474-1A3956D46DE8}") = "src", "src", "{5104B6CB-69E3-4C71-AA64-469B4D9EB68A}"
EndProject
Project("{2150E333-8FDC-42A3-9474-1A3956D46DE8}") = "tests", "tests", "{4EDD310A-A102-495E-876F-3CF74165EC67}"
EndProject
Project("{9A19103F-16F7-4668-BE54-9A1E7A4F7556}") = "FastRange", "src\FastRange\FastRange.csproj", "{6A47F684-ABDF-40A6-96D8-68FB9342BA85}"
EndProject
Project("{9A19103F-16F7-4668-BE54-9A1E7A4F7556}") = "FastRange.Specifications", "tests\FastRange.Specifications\FastRange.Specifications.csproj", "{C4F4E39B-9E4B-4155-B782-92C9C302DC1C}"
EndProject
Project("{9A19103F-16F7-4668-BE54-9A1E7A4F7556}") = "FastRange.CommonSpecs", "tests\FastRange.CommonSpecs\FastRange.CommonSpecs.csproj", "{DF8D1EB2-2FD3-409C-808D-11379291F8BA}"
EndProject
Global
	GlobalSection(SolutionConfigurationPlatforms) = preSolution
		Debug|Any CPU = Debug|Any CPU
		Release|Any CPU = Release|Any CPU
	EndGlobalSection
	GlobalSection(ProjectConfigurationPlatforms) = postSolution
		{6A47F684-ABDF-40A6-96D8-68FB9342BA85}.Debug|Any CPU.ActiveCfg = Debug|Any CPU
		{6A47F684-ABDF-40A6-96D8-68FB9342BA85}.Debug|Any CPU.Build.0 = Debug|Any CPU
		{6A47F684-ABDF-40A6-96D8-68FB9342BA85}.Release|Any CPU.ActiveCfg = Release|Any CPU
		{6A47F684-ABDF-40A6-96D8-68FB9342BA85}.Release|Any CPU.Build.0 = Release|Any CPU
		{C4F4E39B-9E4B-4155-B782-92C9C302DC1C}.Debug|Any CPU.ActiveCfg = Debug|Any CPU
		{C4F4E39B-9E4B-4155-B782-92C9C302DC1C}.Debug|Any CPU.Build.0 = Debug|Any CPU
		{C4F4E39B-9E4B-4155-B782-92C9C302DC1C}.Release|Any CPU.ActiveCfg = Release|Any CPU
		{C4F4E39B-9E4B-4155-B782-92C9C302DC1C}.Release|Any CPU.Build.0 = Release|Any CPU
		{DF8D1EB2-2FD3-409C-808D-11379291F8BA}.Debug|Any CPU.ActiveCfg = Debug|Any CPU
		{DF8D1EB2-2FD3-409C-808D-11379291F8BA}.Debug|Any CPU.Build.0 = Debug|Any CPU
		{DF8D1EB2-2FD3-409C-808D-11379291F8BA}.Release|Any CPU.ActiveCfg = Release|Any CPU
		{DF8D1EB2-2FD3-409C-808D-11379291F8BA}.Release|Any CPU.Build.0 = Release|Any CPU
	EndGlobalSection
	GlobalSection(SolutionProperties) = preSolution
		HideSolutionNode = FALSE
	EndGlobalSection
	GlobalSection(NestedProjects) = preSolution
		{6A47F684-ABDF-40A6-96D8-68FB9342BA85} = {5104B6CB-69E3-4C71-AA64-469B4D9EB68A}
		{C4F4E39B-9E4B-4155-B782-92C9C302DC1C} = {4EDD310A-A102-495E-876F-3CF74165EC67}
		{DF8D1EB2-2FD3-409C-808D-11379291F8BA} = {4EDD310A-A102-495E-876F-3CF74165EC67}
	EndGlobalSection
	GlobalSection(ExtensibilityGlobals) = postSolution
		SolutionGuid = {456BD0AA-E17B-4901-B6A4-7D5A812D3AA6}
	EndGlobalSection
EndGlobal
